
Microsoft Visual Studio Solution File, Format Version 12.00
# Visual Studio Version 16
VisualStudioVersion = 16.0.30907.101
MinimumVisualStudioVersion = 10.0.40219.1
Project("{FAE04EC0-301F-11D3-BF4B-00C04F79EFBC}") = "CleanArchitectureSample", "CleanArchitectureSample\CleanArchitectureSample.csproj", "{F96E2496-B0E4-416E-8EEA-779A8DA466B6}"
EndProject
Global
	GlobalSection(SolutionConfigurationPlatforms) = preSolution
		Debug|Any CPU = Debug|Any CPU
		Release|Any CPU = Release|Any CPU
	EndGlobalSection
	GlobalSection(ProjectConfigurationPlatforms) = postSolution
		{F96E2496-B0E4-416E-8EEA-779A8DA466B6}.Debug|Any CPU.ActiveCfg = Debug|Any CPU
		{F96E2496-B0E4-416E-8EEA-779A8DA466B6}.Debug|Any CPU.Build.0 = Debug|Any CPU
		{F96E2496-B0E4-416E-8EEA-779A8DA466B6}.Release|Any CPU.ActiveCfg = Release|Any CPU
		{F96E2496-B0E4-416E-8EEA-779A8DA466B6}.Release|Any CPU.Build.0 = Release|Any CPU
	EndGlobalSection
	GlobalSection(SolutionProperties) = preSolution
		HideSolutionNode = FALSE
	EndGlobalSection
	GlobalSection(ExtensibilityGlobals) = postSolution
		SolutionGuid = {9B71F31A-6BEA-4C9B-A82D-B4D34263B1E9}
	EndGlobalSection
EndGlobal
